
Microsoft Visual Studio Solution File, Format Version 12.00
# Visual Studio Version 17
VisualStudioVersion = 17.6.33815.320
MinimumVisualStudioVersion = 10.0.40219.1
Project("{FAE04EC0-301F-11D3-BF4B-00C04F79EFBC}") = "exceptions2", "exceptions2\exceptions2.csproj", "{A23A6AFB-A711-47D3-9C96-530276017653}"
EndProject
Global
	GlobalSection(SolutionConfigurationPlatforms) = preSolution
		Debug|Any CPU = Debug|Any CPU
		Release|Any CPU = Release|Any CPU
	EndGlobalSection
	GlobalSection(ProjectConfigurationPlatforms) = postSolution
		{A23A6AFB-A711-47D3-9C96-530276017653}.Debug|Any CPU.ActiveCfg = Debug|Any CPU
		{A23A6AFB-A711-47D3-9C96-530276017653}.Debug|Any CPU.Build.0 = Debug|Any CPU
		{A23A6AFB-A711-47D3-9C96-530276017653}.Release|Any CPU.ActiveCfg = Release|Any CPU
		{A23A6AFB-A711-47D3-9C96-530276017653}.Release|Any CPU.Build.0 = Release|Any CPU
	EndGlobalSection
	GlobalSection(SolutionProperties) = preSolution
		HideSolutionNode = FALSE
	EndGlobalSection
	GlobalSection(ExtensibilityGlobals) = postSolution
		SolutionGuid = {276F51CC-61A9-4C8F-8D48-9352C7584782}
	EndGlobalSection
EndGlobal
